<?xml version="1.0" encoding="utf-8"?>
<Project ToolsVersion="16.0" xmlns="http://schemas.microsoft.com/developer/msbuild/2003">
  <ItemGroup>
    <ClCompile Include="..\..\sources\src\citygml\attributesmap.cpp">
      <Filter>Source Files</Filter>
    </ClCompile>
    <ClCompile Include="..\..\sources\src\citygml\citymodel.cpp">
      <Filter>Source Files</Filter>
    </ClCompile>
    <ClCompile Include="..\..\sources\src\citygml\tesselator.cpp">
      <Filter>Source Files</Filter>
    </ClCompile>
    <ClCompile Include="..\..\sources\src\citygml\object.cpp">
      <Filter>Source Files</Filter>
    </ClCompile>
    <ClCompile Include="..\..\sources\src\citygml\featureobject.cpp">
      <Filter>Source Files</Filter>
    </ClCompile>
    <ClCompile Include="..\..\sources\src\citygml\appearance.cpp">
      <Filter>Source Files</Filter>
    </ClCompile>
    <ClCompile Include="..\..\sources\src\citygml\texture.cpp">
      <Filter>Source Files</Filter>
    </ClCompile>
    <ClCompile Include="..\..\sources\src\citygml\material.cpp">
      <Filter>Source Files</Filter>
    </ClCompile>
    <ClCompile Include="..\..\sources\src\citygml\georeferencedtexture.cpp">
      <Filter>Source Files</Filter>
    </ClCompile>
    <ClCompile Include="..\..\sources\src\citygml\envelope.cpp">
      <Filter>Source Files</Filter>
    </ClCompile>
    <ClCompile Include="..\..\sources\src\citygml\appearancemanager.cpp">
      <Filter>Source Files</Filter>
    </ClCompile>
    <ClCompile Include="..\..\sources\src\citygml\cityobject.cpp">
      <Filter>Source Files</Filter>
    </ClCompile>
    <ClCompile Include="..\..\sources\src\citygml\geometry.cpp">
      <Filter>Source Files</Filter>
    </ClCompile>
    <ClCompile Include="..\..\sources\src\citygml\implictgeometry.cpp">
      <Filter>Source Files</Filter>
    </ClCompile>
    <ClCompile Include="..\..\sources\src\citygml\linearring.cpp">
      <Filter>Source Files</Filter>
    </ClCompile>
    <ClCompile Include="..\..\sources\src\citygml\polygon.cpp">
      <Filter>Source Files</Filter>
    </ClCompile>
    <ClCompile Include="..\..\sources\src\citygml\transformmatrix.cpp">
      <Filter>Source Files</Filter>
    </ClCompile>
    <ClCompile Include="..\..\sources\src\citygml\texturetargetdefinition.cpp">
      <Filter>Source Files</Filter>
    </ClCompile>
    <ClCompile Include="..\..\sources\src\citygml\materialtargetdefinition.cpp">
      <Filter>Source Files</Filter>
    </ClCompile>
    <ClCompile Include="..\..\sources\src\citygml\texturecoordinates.cpp">
      <Filter>Source Files</Filter>
    </ClCompile>
    <ClCompile Include="..\..\sources\src\citygml\appearancetarget.cpp">
      <Filter>Source Files</Filter>
    </ClCompile>
    <ClCompile Include="..\..\sources\src\citygml\citygmlfactory.cpp">
      <Filter>Source Files</Filter>
    </ClCompile>
    <ClCompile Include="..\..\sources\src\citygml\polygonmanager.cpp">
      <Filter>Source Files</Filter>
    </ClCompile>
    <ClCompile Include="..\..\sources\src\citygml\geometrymanager.cpp">
      <Filter>Source Files</Filter>
    </ClCompile>
    <ClCompile Include="..\..\sources\src\citygml\linestring.cpp">
      <Filter>Source Files</Filter>
    </ClCompile>
    <ClCompile Include="..\..\sources\src\citygml\address.cpp">
      <Filter>Source Files</Filter>
    </ClCompile>
    <ClCompile Include="..\..\sources\src\citygml\rectifiedgridcoverage.cpp">
      <Filter>Source Files</Filter>
    </ClCompile>
    <ClCompile Include="..\..\sources\src\citygml\externalreference.cpp">
      <Filter>Source Files</Filter>
    </ClCompile>
    <ClCompile Include="..\..\sources\src\parser\nodetypes.cpp">
      <Filter>Source Files</Filter>
    </ClCompile>
    <ClCompile Include="..\..\sources\src\parser\attributes.cpp">
      <Filter>Source Files</Filter>
    </ClCompile>
    <ClCompile Include="..\..\sources\src\parser\geocoordinatetransformer.cpp">
      <Filter>Source Files</Filter>
    </ClCompile>
    <ClCompile Include="..\..\sources\src\parser\citygmldocumentparser.cpp">
      <Filter>Source Files</Filter>
    </ClCompile>
    <ClCompile Include="..\..\sources\src\parser\parserxercesc.cpp">
      <Filter>Source Files</Filter>
    </ClCompile>
    <ClCompile Include="..\..\sources\src\parser\citygmlelementparser.cpp">
      <Filter>Source Files</Filter>
    </ClCompile>
    <ClCompile Include="..\..\sources\src\parser\elementparser.cpp">
      <Filter>Source Files</Filter>
    </ClCompile>
    <ClCompile Include="..\..\sources\src\parser\delayedchoiceelementparser.cpp">
      <Filter>Source Files</Filter>
    </ClCompile>
    <ClCompile Include="..\..\sources\src\parser\skipelementparser.cpp">
      <Filter>Source Files</Filter>
    </ClCompile>
    <ClCompile Include="..\..\sources\src\parser\sequenceparser.cpp">
      <Filter>Source Files</Filter>
    </ClCompile>
    <ClCompile Include="..\..\sources\src\parser\gmlobjectparser.cpp">
      <Filter>Source Files</Filter>
    </ClCompile>
    <ClCompile Include="..\..\sources\src\parser\gmlfeaturecollectionparser.cpp">
      <Filter>Source Files</Filter>
    </ClCompile>
    <ClCompile Include="..\..\sources\src\parser\citymodelelementparser.cpp">
      <Filter>Source Files</Filter>
    </ClCompile>
    <ClCompile Include="..\..\sources\src\parser\cityobjectelementparser.cpp">
      <Filter>Source Files</Filter>
    </ClCompile>
    <ClCompile Include="..\..\sources\src\parser\appearanceelementparser.cpp">
      <Filter>Source Files</Filter>
    </ClCompile>
    <ClCompile Include="..\..\sources\src\parser\externalreferenceparser.cpp">
      <Filter>Source Files</Filter>
    </ClCompile>
    <ClCompile Include="..\..\sources\src\parser\materialelementparser.cpp">
      <Filter>Source Files</Filter>
    </ClCompile>
    <ClCompile Include="..\..\sources\src\parser\textureelementparser.cpp">
      <Filter>Source Files</Filter>
    </ClCompile>
    <ClCompile Include="..\..\sources\src\parser\georeferencedtextureelementparser.cpp">
      <Filter>Source Files</Filter>
    </ClCompile>
    <ClCompile Include="..\..\sources\src\parser\geometryelementparser.cpp">
      <Filter>Source Files</Filter>
    </ClCompile>
    <ClCompile Include="..\..\sources\src\parser\polygonelementparser.cpp">
      <Filter>Source Files</Filter>
    </ClCompile>
    <ClCompile Include="..\..\sources\src\parser\rectifiedgridcoverageparser.cpp">
      <Filter>Source Files</Filter>
    </ClCompile>
    <ClCompile Include="..\..\sources\src\parser\linestringelementparser.cpp">
      <Filter>Source Files</Filter>
    </ClCompile>
    <ClCompile Include="..\..\sources\src\parser\linearringelementparser.cpp">
      <Filter>Source Files</Filter>
    </ClCompile>
    <ClCompile Include="..\..\sources\src\parser\implicitgeometryelementparser.cpp">
      <Filter>Source Files</Filter>
    </ClCompile>
    <ClCompile Include="..\..\sources\src\parser\addressparser.cpp">
      <Filter>Source Files</Filter>
    </ClCompile>
  </ItemGroup>
  <ItemGroup>
    <ClInclude Include="..\..\sources\include\citygml\citygml_api.h">
      <Filter>Header Files</Filter>
    </ClInclude>
    <ClInclude Include="..\..\sources\include\citygml\citygml_export.h">
      <Filter>Header Files</Filter>
    </ClInclude>
    <ClInclude Include="..\..\sources\include\citygml\attributesmap.h">
      <Filter>Header Files</Filter>
    </ClInclude>
    <ClInclude Include="..\..\sources\include\citygml\enum_type_bitmask.h">
      <Filter>Header Files</Filter>
    </ClInclude>
    <ClInclude Include="..\..\sources\include\citygml\citygmllogger.h">
      <Filter>Header Files</Filter>
    </ClInclude>
    <ClInclude Include="..\..\sources\include\citygml\polygon.h">
      <Filter>Header Files</Filter>
    </ClInclude>
    <ClInclude Include="..\..\sources\include\citygml\material.h">
      <Filter>Header Files</Filter>
    </ClInclude>
    <ClInclude Include="..\..\sources\include\citygml\geometry.h">
      <Filter>Header Files</Filter>
    </ClInclude>
    <ClInclude Include="..\..\sources\include\citygml\object.h">
      <Filter>Header Files</Filter>
    </ClInclude>
    <ClInclude Include="..\..\sources\include\citygml\featureobject.h">
      <Filter>Header Files</Filter>
    </ClInclude>
    <ClInclude Include="..\..\sources\include\citygml\georeferencedtexture.h">
      <Filter>Header Files</Filter>
    </ClInclude>
    <ClInclude Include="..\..\sources\include\citygml\cityobject.h">
      <Filter>Header Files</Filter>
    </ClInclude>
    <ClInclude Include="..\..\sources\include\citygml\envelope.h">
      <Filter>Header Files</Filter>
    </ClInclude>
    <ClInclude Include="..\..\sources\include\citygml\appearance.h">
      <Filter>Header Files</Filter>
    </ClInclude>
    <ClInclude Include="..\..\sources\include\citygml\vecs.hpp">
      <Filter>Header Files</Filter>
    </ClInclude>
    <ClInclude Include="..\..\sources\include\citygml\citymodel.h">
      <Filter>Header Files</Filter>
    </ClInclude>
    <ClInclude Include="..\..\sources\include\citygml\linearring.h">
      <Filter>Header Files</Filter>
    </ClInclude>
    <ClInclude Include="..\..\sources\include\citygml\citygml.h">
      <Filter>Header Files</Filter>
    </ClInclude>
    <ClInclude Include="..\..\sources\include\citygml\transformmatrix.h">
      <Filter>Header Files</Filter>
    </ClInclude>
    <ClInclude Include="..\..\sources\include\citygml\implictgeometry.h">
      <Filter>Header Files</Filter>
    </ClInclude>
    <ClInclude Include="..\..\sources\include\citygml\tesselator.h">
      <Filter>Header Files</Filter>
    </ClInclude>
    <ClInclude Include="..\..\sources\include\citygml\texture.h">
      <Filter>Header Files</Filter>
    </ClInclude>
    <ClInclude Include="..\..\sources\include\citygml\appearancetargetdefinition.h">
      <Filter>Header Files</Filter>
    </ClInclude>
    <ClInclude Include="..\..\sources\include\citygml\texturetargetdefinition.h">
      <Filter>Header Files</Filter>
    </ClInclude>
    <ClInclude Include="..\..\sources\include\citygml\materialtargetdefinition.h">
      <Filter>Header Files</Filter>
    </ClInclude>
    <ClInclude Include="..\..\sources\include\citygml\texturecoordinates.h">
      <Filter>Header Files</Filter>
    </ClInclude>
    <ClInclude Include="..\..\sources\include\citygml\appearancetarget.h">
      <Filter>Header Files</Filter>
    </ClInclude>
    <ClInclude Include="..\..\sources\include\citygml\citygmlfactory.h">
      <Filter>Header Files</Filter>
    </ClInclude>
    <ClInclude Include="..\..\sources\include\citygml\linestring.h">
      <Filter>Header Files</Filter>
    </ClInclude>
    <ClInclude Include="..\..\sources\include\citygml\address.h">
      <Filter>Header Files</Filter>
    </ClInclude>
    <ClInclude Include="..\..\sources\include\citygml\rectifiedgridcoverage.h">
      <Filter>Header Files</Filter>
    </ClInclude>
    <ClInclude Include="..\..\sources\include\citygml\externalreference.h">
      <Filter>Header Files</Filter>
    </ClInclude>
    <ClInclude Include="..\..\CMakeModules\citygml_api.h.in">
      <Filter>Header Files</Filter>
    </ClInclude>
    <ClInclude Include="..\..\sources\include\citygml\utils.h">
      <Filter>Header Files</Filter>
    </ClInclude>
    <ClInclude Include="..\..\sources\include\citygml\appearancemanager.h">
      <Filter>Header Files</Filter>
    </ClInclude>
    <ClInclude Include="..\..\sources\include\citygml\polygonmanager.h">
      <Filter>Header Files</Filter>
    </ClInclude>
    <ClInclude Include="..\..\sources\include\citygml\geometrymanager.h">
      <Filter>Header Files</Filter>
    </ClInclude>
    <ClInclude Include="..\..\sources\include\parser\nodetypes.h">
      <Filter>Header Files</Filter>
    </ClInclude>
    <ClInclude Include="..\..\sources\include\parser\attributes.h">
      <Filter>Header Files</Filter>
    </ClInclude>
    <ClInclude Include="..\..\sources\include\parser\documentlocation.h">
      <Filter>Header Files</Filter>
    </ClInclude>
    <ClInclude Include="..\..\sources\include\parser\parserutils.hpp">
      <Filter>Header Files</Filter>
    </ClInclude>
    <ClInclude Include="..\..\sources\include\parser\geocoordinatetransformer.h">
      <Filter>Header Files</Filter>
    </ClInclude>
    <ClInclude Include="..\..\sources\include\parser\citygmldocumentparser.h">
      <Filter>Header Files</Filter>
    </ClInclude>
    <ClInclude Include="..\..\sources\include\parser\citygmlelementparser.h">
      <Filter>Header Files</Filter>
    </ClInclude>
    <ClInclude Include="..\..\sources\include\parser\elementparser.h">
      <Filter>Header Files</Filter>
    </ClInclude>
    <ClInclude Include="..\..\sources\include\parser\delayedchoiceelementparser.h">
      <Filter>Header Files</Filter>
    </ClInclude>
    <ClInclude Include="..\..\sources\include\parser\skipelementparser.h">
      <Filter>Header Files</Filter>
    </ClInclude>
    <ClInclude Include="..\..\sources\include\parser\sequenceparser.h">
      <Filter>Header Files</Filter>
    </ClInclude>
    <ClInclude Include="..\..\sources\include\parser\gmlobjectparser.h">
      <Filter>Header Files</Filter>
    </ClInclude>
    <ClInclude Include="..\..\sources\include\parser\gmlfeaturecollectionparser.h">
      <Filter>Header Files</Filter>
    </ClInclude>
    <ClInclude Include="..\..\sources\include\parser\citymodelelementparser.h">
      <Filter>Header Files</Filter>
    </ClInclude>
    <ClInclude Include="..\..\sources\include\parser\cityobjectelementparser.h">
      <Filter>Header Files</Filter>
    </ClInclude>
    <ClInclude Include="..\..\sources\include\parser\appearanceelementparser.h">
      <Filter>Header Files</Filter>
    </ClInclude>
    <ClInclude Include="..\..\sources\include\parser\externalreferenceparser.h">
      <Filter>Header Files</Filter>
    </ClInclude>
    <ClInclude Include="..\..\sources\include\parser\materialelementparser.h">
      <Filter>Header Files</Filter>
    </ClInclude>
    <ClInclude Include="..\..\sources\include\parser\textureelementparser.h">
      <Filter>Header Files</Filter>
    </ClInclude>
    <ClInclude Include="..\..\sources\include\parser\georeferencedtextureelementparser.h">
      <Filter>Header Files</Filter>
    </ClInclude>
    <ClInclude Include="..\..\sources\include\parser\geometryelementparser.h">
      <Filter>Header Files</Filter>
    </ClInclude>
    <ClInclude Include="..\..\sources\include\parser\polygonelementparser.h">
      <Filter>Header Files</Filter>
    </ClInclude>
    <ClInclude Include="..\..\sources\include\parser\rectifiedgridcoverageparser.h">
      <Filter>Header Files</Filter>
    </ClInclude>
    <ClInclude Include="..\..\sources\include\parser\linestringelementparser.h">
      <Filter>Header Files</Filter>
    </ClInclude>
    <ClInclude Include="..\..\sources\include\parser\linearringelementparser.h">
      <Filter>Header Files</Filter>
    </ClInclude>
    <ClInclude Include="..\..\sources\include\parser\implicitgeometryelementparser.h">
      <Filter>Header Files</Filter>
    </ClInclude>
    <ClInclude Include="..\..\sources\include\parser\addressparser.h">
      <Filter>Header Files</Filter>
    </ClInclude>
  </ItemGroup>
  <ItemGroup>
    <Filter Include="Header Files">
      <UniqueIdentifier>{16C9199F-5CB6-39D7-9F2D-674CE37CA418}</UniqueIdentifier>
    </Filter>
    <Filter Include="Source Files">
      <UniqueIdentifier>{93F8B4F7-F381-3ECD-AD63-943593143B82}</UniqueIdentifier>
    </Filter>
  </ItemGroup>
</Project>